
Microsoft Visual Studio Solution File, Format Version 12.00
# Visual Studio Version 16
VisualStudioVersion = 16.0.30711.63
MinimumVisualStudioVersion = 10.0.40219.1
Project("{FAE04EC0-301F-11D3-BF4B-00C04F79EFBC}") = "Linq-Advanced-Csharp", "Linq-Advanced-Csharp\Linq-Advanced-Csharp.csproj", "{529F8079-F6B5-4A24-BFA0-B53856C6AD55}"
EndProject
Global
	GlobalSection(SolutionConfigurationPlatforms) = preSolution
		Debug|Any CPU = Debug|Any CPU
		Release|Any CPU = Release|Any CPU
	EndGlobalSection
	GlobalSection(ProjectConfigurationPlatforms) = postSolution
		{529F8079-F6B5-4A24-BFA0-B53856C6AD55}.Debug|Any CPU.ActiveCfg = Debug|Any CPU
		{529F8079-F6B5-4A24-BFA0-B53856C6AD55}.Debug|Any CPU.Build.0 = Debug|Any CPU
		{529F8079-F6B5-4A24-BFA0-B53856C6AD55}.Release|Any CPU.ActiveCfg = Release|Any CPU
		{529F8079-F6B5-4A24-BFA0-B53856C6AD55}.Release|Any CPU.Build.0 = Release|Any CPU
	EndGlobalSection
	GlobalSection(SolutionProperties) = preSolution
		HideSolutionNode = FALSE
	EndGlobalSection
	GlobalSection(ExtensibilityGlobals) = postSolution
		SolutionGuid = {E97FB9A0-1C15-497C-B46C-6E634EFBCD67}
	EndGlobalSection
EndGlobal
